// !$*UTF8*$!
{
	archiveVersion = 1;
	classes = {
	};
	objectVersion = 46;
	objects = {

/* Begin PBXBuildFile section */
		312B72974DA9515212B35948 /* Pods_sso_sample_iosUITests.framework in Frameworks */ = {isa = PBXBuildFile; fileRef = 00C6D91ABCAB03DE2477C3F7 /* Pods_sso_sample_iosUITests.framework */; };
		55F99CE91CF7A1260061E4C6 /* UserObject.swift in Sources */ = {isa = PBXBuildFile; fileRef = 55F99CE81CF7A1260061E4C6 /* UserObject.swift */; };
		CE579B001CDA5D1400CBB738 /* AppDelegate.swift in Sources */ = {isa = PBXBuildFile; fileRef = CE579AFF1CDA5D1400CBB738 /* AppDelegate.swift */; };
		CE579B021CDA5D1400CBB738 /* ViewController.swift in Sources */ = {isa = PBXBuildFile; fileRef = CE579B011CDA5D1400CBB738 /* ViewController.swift */; };
		CE579B051CDA5D1400CBB738 /* Main.storyboard in Resources */ = {isa = PBXBuildFile; fileRef = CE579B031CDA5D1400CBB738 /* Main.storyboard */; };
		CE579B071CDA5D1400CBB738 /* Assets.xcassets in Resources */ = {isa = PBXBuildFile; fileRef = CE579B061CDA5D1400CBB738 /* Assets.xcassets */; };
		CE579B0A1CDA5D1400CBB738 /* LaunchScreen.storyboard in Resources */ = {isa = PBXBuildFile; fileRef = CE579B081CDA5D1400CBB738 /* LaunchScreen.storyboard */; };
		CE579B151CDA5D1400CBB738 /* sso_sample_iosTests.swift in Sources */ = {isa = PBXBuildFile; fileRef = CE579B141CDA5D1400CBB738 /* sso_sample_iosTests.swift */; };
		CE579B201CDA5D1400CBB738 /* sso_sample_iosUITests.swift in Sources */ = {isa = PBXBuildFile; fileRef = CE579B1F1CDA5D1400CBB738 /* sso_sample_iosUITests.swift */; };
		E55CD899D08A3971872D4FD9 /* Pods_sso_sample_ios.framework in Frameworks */ = {isa = PBXBuildFile; fileRef = 023E3A6F7D499688A1267AEA /* Pods_sso_sample_ios.framework */; };
		FD50A71D427AE8DB025032CE /* Pods_sso_sample_iosTests.framework in Frameworks */ = {isa = PBXBuildFile; fileRef = 0ED63CEC5A974B0A8A0577DA /* Pods_sso_sample_iosTests.framework */; };
/* End PBXBuildFile section */

/* Begin PBXContainerItemProxy section */
		CE579B111CDA5D1400CBB738 /* PBXContainerItemProxy */ = {
			isa = PBXContainerItemProxy;
			containerPortal = CE579AF41CDA5D1400CBB738 /* Project object */;
			proxyType = 1;
			remoteGlobalIDString = CE579AFB1CDA5D1400CBB738;
			remoteInfo = "sso-sample-ios";
		};
		CE579B1C1CDA5D1400CBB738 /* PBXContainerItemProxy */ = {
			isa = PBXContainerItemProxy;
			containerPortal = CE579AF41CDA5D1400CBB738 /* Project object */;
			proxyType = 1;
			remoteGlobalIDString = CE579AFB1CDA5D1400CBB738;
			remoteInfo = "sso-sample-ios";
		};
/* End PBXContainerItemProxy section */

/* Begin PBXFileReference section */
		00C6D91ABCAB03DE2477C3F7 /* Pods_sso_sample_iosUITests.framework */ = {isa = PBXFileReference; explicitFileType = wrapper.framework; includeInIndex = 0; path = Pods_sso_sample_iosUITests.framework; sourceTree = BUILT_PRODUCTS_DIR; };
		023E3A6F7D499688A1267AEA /* Pods_sso_sample_ios.framework */ = {isa = PBXFileReference; explicitFileType = wrapper.framework; includeInIndex = 0; path = Pods_sso_sample_ios.framework; sourceTree = BUILT_PRODUCTS_DIR; };
		0ED63CEC5A974B0A8A0577DA /* Pods_sso_sample_iosTests.framework */ = {isa = PBXFileReference; explicitFileType = wrapper.framework; includeInIndex = 0; path = Pods_sso_sample_iosTests.framework; sourceTree = BUILT_PRODUCTS_DIR; };
		55F99CE81CF7A1260061E4C6 /* UserObject.swift */ = {isa = PBXFileReference; fileEncoding = 4; lastKnownFileType = sourcecode.swift; path = UserObject.swift; sourceTree = "<group>"; };
		772C7F2BA0013864DEAB8CE7 /* Pods-sso-sample-ios.release.xcconfig */ = {isa = PBXFileReference; includeInIndex = 1; lastKnownFileType = text.xcconfig; name = "Pods-sso-sample-ios.release.xcconfig"; path = "Pods/Target Support Files/Pods-sso-sample-ios/Pods-sso-sample-ios.release.xcconfig"; sourceTree = "<group>"; };
		BEDBBB8E7DD2D0C3112D0391 /* Pods-sso-sample-iosTests.debug.xcconfig */ = {isa = PBXFileReference; includeInIndex = 1; lastKnownFileType = text.xcconfig; name = "Pods-sso-sample-iosTests.debug.xcconfig"; path = "Pods/Target Support Files/Pods-sso-sample-iosTests/Pods-sso-sample-iosTests.debug.xcconfig"; sourceTree = "<group>"; };
		C2783754F4B6438C695D606D /* Pods-sso-sample-iosUITests.debug.xcconfig */ = {isa = PBXFileReference; includeInIndex = 1; lastKnownFileType = text.xcconfig; name = "Pods-sso-sample-iosUITests.debug.xcconfig"; path = "Pods/Target Support Files/Pods-sso-sample-iosUITests/Pods-sso-sample-iosUITests.debug.xcconfig"; sourceTree = "<group>"; };
		C94B3B44B657C1CC340707AD /* Pods-sso-sample-iosTests.release.xcconfig */ = {isa = PBXFileReference; includeInIndex = 1; lastKnownFileType = text.xcconfig; name = "Pods-sso-sample-iosTests.release.xcconfig"; path = "Pods/Target Support Files/Pods-sso-sample-iosTests/Pods-sso-sample-iosTests.release.xcconfig"; sourceTree = "<group>"; };
		CE579AFC1CDA5D1400CBB738 /* sso-sample-ios.app */ = {isa = PBXFileReference; explicitFileType = wrapper.application; includeInIndex = 0; path = "sso-sample-ios.app"; sourceTree = BUILT_PRODUCTS_DIR; };
		CE579AFF1CDA5D1400CBB738 /* AppDelegate.swift */ = {isa = PBXFileReference; lastKnownFileType = sourcecode.swift; path = AppDelegate.swift; sourceTree = "<group>"; };
		CE579B011CDA5D1400CBB738 /* ViewController.swift */ = {isa = PBXFileReference; lastKnownFileType = sourcecode.swift; path = ViewController.swift; sourceTree = "<group>"; };
		CE579B041CDA5D1400CBB738 /* Base */ = {isa = PBXFileReference; lastKnownFileType = file.storyboard; name = Base; path = Base.lproj/Main.storyboard; sourceTree = "<group>"; };
		CE579B061CDA5D1400CBB738 /* Assets.xcassets */ = {isa = PBXFileReference; lastKnownFileType = folder.assetcatalog; path = Assets.xcassets; sourceTree = "<group>"; };
		CE579B091CDA5D1400CBB738 /* Base */ = {isa = PBXFileReference; lastKnownFileType = file.storyboard; name = Base; path = Base.lproj/LaunchScreen.storyboard; sourceTree = "<group>"; };
		CE579B0B1CDA5D1400CBB738 /* Info.plist */ = {isa = PBXFileReference; lastKnownFileType = text.plist.xml; path = Info.plist; sourceTree = "<group>"; };
		CE579B101CDA5D1400CBB738 /* sso-sample-iosTests.xctest */ = {isa = PBXFileReference; explicitFileType = wrapper.cfbundle; includeInIndex = 0; path = "sso-sample-iosTests.xctest"; sourceTree = BUILT_PRODUCTS_DIR; };
		CE579B141CDA5D1400CBB738 /* sso_sample_iosTests.swift */ = {isa = PBXFileReference; lastKnownFileType = sourcecode.swift; path = sso_sample_iosTests.swift; sourceTree = "<group>"; };
		CE579B161CDA5D1400CBB738 /* Info.plist */ = {isa = PBXFileReference; lastKnownFileType = text.plist.xml; path = Info.plist; sourceTree = "<group>"; };
		CE579B1B1CDA5D1400CBB738 /* sso-sample-iosUITests.xctest */ = {isa = PBXFileReference; explicitFileType = wrapper.cfbundle; includeInIndex = 0; path = "sso-sample-iosUITests.xctest"; sourceTree = BUILT_PRODUCTS_DIR; };
		CE579B1F1CDA5D1400CBB738 /* sso_sample_iosUITests.swift */ = {isa = PBXFileReference; lastKnownFileType = sourcecode.swift; path = sso_sample_iosUITests.swift; sourceTree = "<group>"; };
		CE579B211CDA5D1400CBB738 /* Info.plist */ = {isa = PBXFileReference; lastKnownFileType = text.plist.xml; path = Info.plist; sourceTree = "<group>"; };
		D40BA9E85BE0913A39B96AB4 /* Pods-sso-sample-ios.debug.xcconfig */ = {isa = PBXFileReference; includeInIndex = 1; lastKnownFileType = text.xcconfig; name = "Pods-sso-sample-ios.debug.xcconfig"; path = "Pods/Target Support Files/Pods-sso-sample-ios/Pods-sso-sample-ios.debug.xcconfig"; sourceTree = "<group>"; };
		EE80C009747CDEB3567EB485 /* Pods-sso-sample-iosUITests.release.xcconfig */ = {isa = PBXFileReference; includeInIndex = 1; lastKnownFileType = text.xcconfig; name = "Pods-sso-sample-iosUITests.release.xcconfig"; path = "Pods/Target Support Files/Pods-sso-sample-iosUITests/Pods-sso-sample-iosUITests.release.xcconfig"; sourceTree = "<group>"; };
/* End PBXFileReference section */

/* Begin PBXFrameworksBuildPhase section */
		CE579AF91CDA5D1400CBB738 /* Frameworks */ = {
			isa = PBXFrameworksBuildPhase;
			buildActionMask = 2147483647;
			files = (
				E55CD899D08A3971872D4FD9 /* Pods_sso_sample_ios.framework in Frameworks */,
			);
			runOnlyForDeploymentPostprocessing = 0;
		};
		CE579B0D1CDA5D1400CBB738 /* Frameworks */ = {
			isa = PBXFrameworksBuildPhase;
			buildActionMask = 2147483647;
			files = (
				FD50A71D427AE8DB025032CE /* Pods_sso_sample_iosTests.framework in Frameworks */,
			);
			runOnlyForDeploymentPostprocessing = 0;
		};
		CE579B181CDA5D1400CBB738 /* Frameworks */ = {
			isa = PBXFrameworksBuildPhase;
			buildActionMask = 2147483647;
			files = (
				312B72974DA9515212B35948 /* Pods_sso_sample_iosUITests.framework in Frameworks */,
			);
			runOnlyForDeploymentPostprocessing = 0;
		};
/* End PBXFrameworksBuildPhase section */

/* Begin PBXGroup section */
		1FE8C32A3997A96E5605563D /* Pods */ = {
			isa = PBXGroup;
			children = (
				D40BA9E85BE0913A39B96AB4 /* Pods-sso-sample-ios.debug.xcconfig */,
				772C7F2BA0013864DEAB8CE7 /* Pods-sso-sample-ios.release.xcconfig */,
				BEDBBB8E7DD2D0C3112D0391 /* Pods-sso-sample-iosTests.debug.xcconfig */,
				C94B3B44B657C1CC340707AD /* Pods-sso-sample-iosTests.release.xcconfig */,
				C2783754F4B6438C695D606D /* Pods-sso-sample-iosUITests.debug.xcconfig */,
				EE80C009747CDEB3567EB485 /* Pods-sso-sample-iosUITests.release.xcconfig */,
			);
			name = Pods;
			sourceTree = "<group>";
		};
		54D4C3CFA13853E5032EE448 /* Frameworks */ = {
			isa = PBXGroup;
			children = (
				023E3A6F7D499688A1267AEA /* Pods_sso_sample_ios.framework */,
				0ED63CEC5A974B0A8A0577DA /* Pods_sso_sample_iosTests.framework */,
				00C6D91ABCAB03DE2477C3F7 /* Pods_sso_sample_iosUITests.framework */,
			);
			name = Frameworks;
			sourceTree = "<group>";
		};
		CE579AF31CDA5D1400CBB738 = {
			isa = PBXGroup;
			children = (
				CE579AFE1CDA5D1400CBB738 /* sso-sample-ios */,
				CE579B131CDA5D1400CBB738 /* sso-sample-iosTests */,
				CE579B1E1CDA5D1400CBB738 /* sso-sample-iosUITests */,
				CE579AFD1CDA5D1400CBB738 /* Products */,
				1FE8C32A3997A96E5605563D /* Pods */,
				54D4C3CFA13853E5032EE448 /* Frameworks */,
			);
			sourceTree = "<group>";
		};
		CE579AFD1CDA5D1400CBB738 /* Products */ = {
			isa = PBXGroup;
			children = (
				CE579AFC1CDA5D1400CBB738 /* sso-sample-ios.app */,
				CE579B101CDA5D1400CBB738 /* sso-sample-iosTests.xctest */,
				CE579B1B1CDA5D1400CBB738 /* sso-sample-iosUITests.xctest */,
			);
			name = Products;
			sourceTree = "<group>";
		};
		CE579AFE1CDA5D1400CBB738 /* sso-sample-ios */ = {
			isa = PBXGroup;
			children = (
				CE579AFF1CDA5D1400CBB738 /* AppDelegate.swift */,
				CE579B011CDA5D1400CBB738 /* ViewController.swift */,
				CE579B031CDA5D1400CBB738 /* Main.storyboard */,
				CE579B061CDA5D1400CBB738 /* Assets.xcassets */,
				CE579B081CDA5D1400CBB738 /* LaunchScreen.storyboard */,
				CE579B0B1CDA5D1400CBB738 /* Info.plist */,
				55F99CE81CF7A1260061E4C6 /* UserObject.swift */,
			);
			path = "sso-sample-ios";
			sourceTree = "<group>";
		};
		CE579B131CDA5D1400CBB738 /* sso-sample-iosTests */ = {
			isa = PBXGroup;
			children = (
				CE579B141CDA5D1400CBB738 /* sso_sample_iosTests.swift */,
				CE579B161CDA5D1400CBB738 /* Info.plist */,
			);
			path = "sso-sample-iosTests";
			sourceTree = "<group>";
		};
		CE579B1E1CDA5D1400CBB738 /* sso-sample-iosUITests */ = {
			isa = PBXGroup;
			children = (
				CE579B1F1CDA5D1400CBB738 /* sso_sample_iosUITests.swift */,
				CE579B211CDA5D1400CBB738 /* Info.plist */,
			);
			path = "sso-sample-iosUITests";
			sourceTree = "<group>";
		};
/* End PBXGroup section */

/* Begin PBXNativeTarget section */
		CE579AFB1CDA5D1400CBB738 /* sso-sample-ios */ = {
			isa = PBXNativeTarget;
			buildConfigurationList = CE579B241CDA5D1400CBB738 /* Build configuration list for PBXNativeTarget "sso-sample-ios" */;
			buildPhases = (
				CFA30FC1AB000E07D31F3E25 /* [CP] Check Pods Manifest.lock */,
				CE579AF81CDA5D1400CBB738 /* Sources */,
				CE579AF91CDA5D1400CBB738 /* Frameworks */,
				CE579AFA1CDA5D1400CBB738 /* Resources */,
				6182025B268CE8088D10E518 /* [CP] Embed Pods Frameworks */,
				5E8A547CE7C8863F62933EB6 /* [CP] Copy Pods Resources */,
			);
			buildRules = (
			);
			dependencies = (
			);
			name = "sso-sample-ios";
			productName = "sso-sample-ios";
			productReference = CE579AFC1CDA5D1400CBB738 /* sso-sample-ios.app */;
			productType = "com.apple.product-type.application";
		};
		CE579B0F1CDA5D1400CBB738 /* sso-sample-iosTests */ = {
			isa = PBXNativeTarget;
			buildConfigurationList = CE579B271CDA5D1400CBB738 /* Build configuration list for PBXNativeTarget "sso-sample-iosTests" */;
			buildPhases = (
				3A2A8BF5AC5659CDCC0C4BD2 /* [CP] Check Pods Manifest.lock */,
				CE579B0C1CDA5D1400CBB738 /* Sources */,
				CE579B0D1CDA5D1400CBB738 /* Frameworks */,
				CE579B0E1CDA5D1400CBB738 /* Resources */,
				80237FD437AC4B14C6C421A3 /* [CP] Embed Pods Frameworks */,
				63ED13983DC5B9168E5587B7 /* [CP] Copy Pods Resources */,
			);
			buildRules = (
			);
			dependencies = (
				CE579B121CDA5D1400CBB738 /* PBXTargetDependency */,
			);
			name = "sso-sample-iosTests";
			productName = "sso-sample-iosTests";
			productReference = CE579B101CDA5D1400CBB738 /* sso-sample-iosTests.xctest */;
			productType = "com.apple.product-type.bundle.unit-test";
		};
		CE579B1A1CDA5D1400CBB738 /* sso-sample-iosUITests */ = {
			isa = PBXNativeTarget;
			buildConfigurationList = CE579B2A1CDA5D1400CBB738 /* Build configuration list for PBXNativeTarget "sso-sample-iosUITests" */;
			buildPhases = (
				AC727E0F788B986EA3FDD058 /* [CP] Check Pods Manifest.lock */,
				CE579B171CDA5D1400CBB738 /* Sources */,
				CE579B181CDA5D1400CBB738 /* Frameworks */,
				CE579B191CDA5D1400CBB738 /* Resources */,
				4BCD82EA04C90D77A854C862 /* [CP] Embed Pods Frameworks */,
				9877AE8EC3EFEC8AC32E4539 /* [CP] Copy Pods Resources */,
			);
			buildRules = (
			);
			dependencies = (
				CE579B1D1CDA5D1400CBB738 /* PBXTargetDependency */,
			);
			name = "sso-sample-iosUITests";
			productName = "sso-sample-iosUITests";
			productReference = CE579B1B1CDA5D1400CBB738 /* sso-sample-iosUITests.xctest */;
			productType = "com.apple.product-type.bundle.ui-testing";
		};
/* End PBXNativeTarget section */

/* Begin PBXProject section */
		CE579AF41CDA5D1400CBB738 /* Project object */ = {
			isa = PBXProject;
			attributes = {
				LastSwiftUpdateCheck = 0730;
				LastUpgradeCheck = 0900;
				ORGANIZATIONNAME = AppDirect;
				TargetAttributes = {
					CE579AFB1CDA5D1400CBB738 = {
						CreatedOnToolsVersion = 7.3.1;
						DevelopmentTeam = 9G4W9Q6YG3;
						LastSwiftMigration = 0820;
					};
					CE579B0F1CDA5D1400CBB738 = {
						CreatedOnToolsVersion = 7.3.1;
						LastSwiftMigration = 0820;
						TestTargetID = CE579AFB1CDA5D1400CBB738;
					};
					CE579B1A1CDA5D1400CBB738 = {
						CreatedOnToolsVersion = 7.3.1;
						LastSwiftMigration = 0820;
						TestTargetID = CE579AFB1CDA5D1400CBB738;
					};
				};
			};
			buildConfigurationList = CE579AF71CDA5D1400CBB738 /* Build configuration list for PBXProject "sso-sample-ios" */;
			compatibilityVersion = "Xcode 3.2";
			developmentRegion = English;
			hasScannedForEncodings = 0;
			knownRegions = (
				en,
				Base,
			);
			mainGroup = CE579AF31CDA5D1400CBB738;
			productRefGroup = CE579AFD1CDA5D1400CBB738 /* Products */;
			projectDirPath = "";
			projectRoot = "";
			targets = (
				CE579AFB1CDA5D1400CBB738 /* sso-sample-ios */,
				CE579B0F1CDA5D1400CBB738 /* sso-sample-iosTests */,
				CE579B1A1CDA5D1400CBB738 /* sso-sample-iosUITests */,
			);
		};
/* End PBXProject section */

/* Begin PBXResourcesBuildPhase section */
		CE579AFA1CDA5D1400CBB738 /* Resources */ = {
			isa = PBXResourcesBuildPhase;
			buildActionMask = 2147483647;
			files = (
				CE579B0A1CDA5D1400CBB738 /* LaunchScreen.storyboard in Resources */,
				CE579B071CDA5D1400CBB738 /* Assets.xcassets in Resources */,
				CE579B051CDA5D1400CBB738 /* Main.storyboard in Resources */,
			);
			runOnlyForDeploymentPostprocessing = 0;
		};
		CE579B0E1CDA5D1400CBB738 /* Resources */ = {
			isa = PBXResourcesBuildPhase;
			buildActionMask = 2147483647;
			files = (
			);
			runOnlyForDeploymentPostprocessing = 0;
		};
		CE579B191CDA5D1400CBB738 /* Resources */ = {
			isa = PBXResourcesBuildPhase;
			buildActionMask = 2147483647;
			files = (
			);
			runOnlyForDeploymentPostprocessing = 0;
		};
/* End PBXResourcesBuildPhase section */

/* Begin PBXShellScriptBuildPhase section */
		3A2A8BF5AC5659CDCC0C4BD2 /* [CP] Check Pods Manifest.lock */ = {
			isa = PBXShellScriptBuildPhase;
			buildActionMask = 2147483647;
			files = (
			);
			inputPaths = (
				"${PODS_PODFILE_DIR_PATH}/Podfile.lock",
				"${PODS_ROOT}/Manifest.lock",
			);
			name = "[CP] Check Pods Manifest.lock";
			outputPaths = (
				"$(DERIVED_FILE_DIR)/Pods-sso-sample-iosTests-checkManifestLockResult.txt",
			);
			runOnlyForDeploymentPostprocessing = 0;
			shellPath = /bin/sh;
			shellScript = "diff \"${PODS_PODFILE_DIR_PATH}/Podfile.lock\" \"${PODS_ROOT}/Manifest.lock\" > /dev/null\nif [ $? != 0 ] ; then\n    # print error to STDERR\n    echo \"error: The sandbox is not in sync with the Podfile.lock. Run 'pod install' or update your CocoaPods installation.\" >&2\n    exit 1\nfi\n# This output is used by Xcode 'outputs' to avoid re-running this script phase.\necho \"SUCCESS\" > \"${SCRIPT_OUTPUT_FILE_0}\"\n";
			showEnvVarsInLog = 0;
		};
		4BCD82EA04C90D77A854C862 /* [CP] Embed Pods Frameworks */ = {
			isa = PBXShellScriptBuildPhase;
			buildActionMask = 2147483647;
			files = (
			);
			inputPaths = (
			);
			name = "[CP] Embed Pods Frameworks";
			outputPaths = (
			);
			runOnlyForDeploymentPostprocessing = 0;
			shellPath = /bin/sh;
			shellScript = "\"${SRCROOT}/Pods/Target Support Files/Pods-sso-sample-iosUITests/Pods-sso-sample-iosUITests-frameworks.sh\"\n";
			showEnvVarsInLog = 0;
		};
		5E8A547CE7C8863F62933EB6 /* [CP] Copy Pods Resources */ = {
			isa = PBXShellScriptBuildPhase;
			buildActionMask = 2147483647;
			files = (
			);
			inputPaths = (
			);
			name = "[CP] Copy Pods Resources";
			outputPaths = (
			);
			runOnlyForDeploymentPostprocessing = 0;
			shellPath = /bin/sh;
			shellScript = "\"${SRCROOT}/Pods/Target Support Files/Pods-sso-sample-ios/Pods-sso-sample-ios-resources.sh\"\n";
			showEnvVarsInLog = 0;
		};
		6182025B268CE8088D10E518 /* [CP] Embed Pods Frameworks */ = {
			isa = PBXShellScriptBuildPhase;
			buildActionMask = 2147483647;
			files = (
			);
			inputPaths = (
				"${SRCROOT}/Pods/Target Support Files/Pods-sso-sample-ios/Pods-sso-sample-ios-frameworks.sh",
				"${BUILT_PRODUCTS_DIR}/AppAuth/AppAuth.framework",
			);
			name = "[CP] Embed Pods Frameworks";
			outputPaths = (
				"${TARGET_BUILD_DIR}/${FRAMEWORKS_FOLDER_PATH}/AppAuth.framework",
			);
			runOnlyForDeploymentPostprocessing = 0;
			shellPath = /bin/sh;
			shellScript = "\"${SRCROOT}/Pods/Target Support Files/Pods-sso-sample-ios/Pods-sso-sample-ios-frameworks.sh\"\n";
			showEnvVarsInLog = 0;
		};
		63ED13983DC5B9168E5587B7 /* [CP] Copy Pods Resources */ = {
			isa = PBXShellScriptBuildPhase;
			buildActionMask = 2147483647;
			files = (
			);
			inputPaths = (
			);
			name = "[CP] Copy Pods Resources";
			outputPaths = (
			);
			runOnlyForDeploymentPostprocessing = 0;
			shellPath = /bin/sh;
			shellScript = "\"${SRCROOT}/Pods/Target Support Files/Pods-sso-sample-iosTests/Pods-sso-sample-iosTests-resources.sh\"\n";
			showEnvVarsInLog = 0;
		};
		80237FD437AC4B14C6C421A3 /* [CP] Embed Pods Frameworks */ = {
			isa = PBXShellScriptBuildPhase;
			buildActionMask = 2147483647;
			files = (
			);
			inputPaths = (
			);
			name = "[CP] Embed Pods Frameworks";
			outputPaths = (
			);
			runOnlyForDeploymentPostprocessing = 0;
			shellPath = /bin/sh;
			shellScript = "\"${SRCROOT}/Pods/Target Support Files/Pods-sso-sample-iosTests/Pods-sso-sample-iosTests-frameworks.sh\"\n";
			showEnvVarsInLog = 0;
		};
		9877AE8EC3EFEC8AC32E4539 /* [CP] Copy Pods Resources */ = {
			isa = PBXShellScriptBuildPhase;
			buildActionMask = 2147483647;
			files = (
			);
			inputPaths = (
			);
			name = "[CP] Copy Pods Resources";
			outputPaths = (
			);
			runOnlyForDeploymentPostprocessing = 0;
			shellPath = /bin/sh;
			shellScript = "\"${SRCROOT}/Pods/Target Support Files/Pods-sso-sample-iosUITests/Pods-sso-sample-iosUITests-resources.sh\"\n";
			showEnvVarsInLog = 0;
		};
		AC727E0F788B986EA3FDD058 /* [CP] Check Pods Manifest.lock */ = {
			isa = PBXShellScriptBuildPhase;
			buildActionMask = 2147483647;
			files = (
			);
			inputPaths = (
				"${PODS_PODFILE_DIR_PATH}/Podfile.lock",
				"${PODS_ROOT}/Manifest.lock",
			);
			name = "[CP] Check Pods Manifest.lock";
			outputPaths = (
				"$(DERIVED_FILE_DIR)/Pods-sso-sample-iosUITests-checkManifestLockResult.txt",
			);
			runOnlyForDeploymentPostprocessing = 0;
			shellPath = /bin/sh;
			shellScript = "diff \"${PODS_PODFILE_DIR_PATH}/Podfile.lock\" \"${PODS_ROOT}/Manifest.lock\" > /dev/null\nif [ $? != 0 ] ; then\n    # print error to STDERR\n    echo \"error: The sandbox is not in sync with the Podfile.lock. Run 'pod install' or update your CocoaPods installation.\" >&2\n    exit 1\nfi\n# This output is used by Xcode 'outputs' to avoid re-running this script phase.\necho \"SUCCESS\" > \"${SCRIPT_OUTPUT_FILE_0}\"\n";
			showEnvVarsInLog = 0;
		};
		CFA30FC1AB000E07D31F3E25 /* [CP] Check Pods Manifest.lock */ = {
			isa = PBXShellScriptBuildPhase;
			buildActionMask = 2147483647;
			files = (
			);
			inputPaths = (
				"${PODS_PODFILE_DIR_PATH}/Podfile.lock",
				"${PODS_ROOT}/Manifest.lock",
			);
			name = "[CP] Check Pods Manifest.lock";
			outputPaths = (
				"$(DERIVED_FILE_DIR)/Pods-sso-sample-ios-checkManifestLockResult.txt",
			);
			runOnlyForDeploymentPostprocessing = 0;
			shellPath = /bin/sh;
			shellScript = "diff \"${PODS_PODFILE_DIR_PATH}/Podfile.lock\" \"${PODS_ROOT}/Manifest.lock\" > /dev/null\nif [ $? != 0 ] ; then\n    # print error to STDERR\n    echo \"error: The sandbox is not in sync with the Podfile.lock. Run 'pod install' or update your CocoaPods installation.\" >&2\n    exit 1\nfi\n# This output is used by Xcode 'outputs' to avoid re-running this script phase.\necho \"SUCCESS\" > \"${SCRIPT_OUTPUT_FILE_0}\"\n";
			showEnvVarsInLog = 0;
		};
/* End PBXShellScriptBuildPhase section */

/* Begin PBXSourcesBuildPhase section */
		CE579AF81CDA5D1400CBB738 /* Sources */ = {
			isa = PBXSourcesBuildPhase;
			buildActionMask = 2147483647;
			files = (
				CE579B021CDA5D1400CBB738 /* ViewController.swift in Sources */,
				CE579B001CDA5D1400CBB738 /* AppDelegate.swift in Sources */,
				55F99CE91CF7A1260061E4C6 /* UserObject.swift in Sources */,
			);
			runOnlyForDeploymentPostprocessing = 0;
		};
		CE579B0C1CDA5D1400CBB738 /* Sources */ = {
			isa = PBXSourcesBuildPhase;
			buildActionMask = 2147483647;
			files = (
				CE579B151CDA5D1400CBB738 /* sso_sample_iosTests.swift in Sources */,
			);
			runOnlyForDeploymentPostprocessing = 0;
		};
		CE579B171CDA5D1400CBB738 /* Sources */ = {
			isa = PBXSourcesBuildPhase;
			buildActionMask = 2147483647;
			files = (
				CE579B201CDA5D1400CBB738 /* sso_sample_iosUITests.swift in Sources */,
			);
			runOnlyForDeploymentPostprocessing = 0;
		};
/* End PBXSourcesBuildPhase section */

/* Begin PBXTargetDependency section */
		CE579B121CDA5D1400CBB738 /* PBXTargetDependency */ = {
			isa = PBXTargetDependency;
			target = CE579AFB1CDA5D1400CBB738 /* sso-sample-ios */;
			targetProxy = CE579B111CDA5D1400CBB738 /* PBXContainerItemProxy */;
		};
		CE579B1D1CDA5D1400CBB738 /* PBXTargetDependency */ = {
			isa = PBXTargetDependency;
			target = CE579AFB1CDA5D1400CBB738 /* sso-sample-ios */;
			targetProxy = CE579B1C1CDA5D1400CBB738 /* PBXContainerItemProxy */;
		};
/* End PBXTargetDependency section */

/* Begin PBXVariantGroup section */
		CE579B031CDA5D1400CBB738 /* Main.storyboard */ = {
			isa = PBXVariantGroup;
			children = (
				CE579B041CDA5D1400CBB738 /* Base */,
			);
			name = Main.storyboard;
			sourceTree = "<group>";
		};
		CE579B081CDA5D1400CBB738 /* LaunchScreen.storyboard */ = {
			isa = PBXVariantGroup;
			children = (
				CE579B091CDA5D1400CBB738 /* Base */,
			);
			name = LaunchScreen.storyboard;
			sourceTree = "<group>";
		};
/* End PBXVariantGroup section */

/* Begin XCBuildConfiguration section */
		CE579B221CDA5D1400CBB738 /* Debug */ = {
			isa = XCBuildConfiguration;
			buildSettings = {
				ALWAYS_SEARCH_USER_PATHS = NO;
				CLANG_ANALYZER_NONNULL = YES;
				CLANG_CXX_LANGUAGE_STANDARD = "gnu++0x";
				CLANG_CXX_LIBRARY = "libc++";
				CLANG_ENABLE_MODULES = YES;
				CLANG_ENABLE_OBJC_ARC = YES;
				CLANG_WARN_BLOCK_CAPTURE_AUTORELEASING = YES;
				CLANG_WARN_BOOL_CONVERSION = YES;
				CLANG_WARN_COMMA = YES;
				CLANG_WARN_CONSTANT_CONVERSION = YES;
				CLANG_WARN_DIRECT_OBJC_ISA_USAGE = YES_ERROR;
				CLANG_WARN_EMPTY_BODY = YES;
				CLANG_WARN_ENUM_CONVERSION = YES;
				CLANG_WARN_INFINITE_RECURSION = YES;
				CLANG_WARN_INT_CONVERSION = YES;
				CLANG_WARN_NON_LITERAL_NULL_CONVERSION = YES;
				CLANG_WARN_OBJC_LITERAL_CONVERSION = YES;
				CLANG_WARN_OBJC_ROOT_CLASS = YES_ERROR;
				CLANG_WARN_RANGE_LOOP_ANALYSIS = YES;
				CLANG_WARN_STRICT_PROTOTYPES = YES;
				CLANG_WARN_SUSPICIOUS_MOVE = YES;
				CLANG_WARN_UNREACHABLE_CODE = YES;
				CLANG_WARN__DUPLICATE_METHOD_MATCH = YES;
				"CODE_SIGN_IDENTITY[sdk=iphoneos*]" = "iPhone Developer";
				COPY_PHASE_STRIP = NO;
				DEBUG_INFORMATION_FORMAT = dwarf;
				ENABLE_STRICT_OBJC_MSGSEND = YES;
				ENABLE_TESTABILITY = YES;
				GCC_C_LANGUAGE_STANDARD = gnu99;
				GCC_DYNAMIC_NO_PIC = NO;
				GCC_NO_COMMON_BLOCKS = YES;
				GCC_OPTIMIZATION_LEVEL = 0;
				GCC_PREPROCESSOR_DEFINITIONS = (
					"DEBUG=1",
					"$(inherited)",
				);
				GCC_WARN_64_TO_32_BIT_CONVERSION = YES;
				GCC_WARN_ABOUT_RETURN_TYPE = YES_ERROR;
				GCC_WARN_UNDECLARED_SELECTOR = YES;
				GCC_WARN_UNINITIALIZED_AUTOS = YES_AGGRESSIVE;
				GCC_WARN_UNUSED_FUNCTION = YES;
				GCC_WARN_UNUSED_VARIABLE = YES;
				IPHONEOS_DEPLOYMENT_TARGET = 9.3;
				MTL_ENABLE_DEBUG_INFO = YES;
				ONLY_ACTIVE_ARCH = YES;
				SDKROOT = iphoneos;
				SWIFT_OPTIMIZATION_LEVEL = "-Onone";
				TARGETED_DEVICE_FAMILY = "1,2";
			};
			name = Debug;
		};
		CE579B231CDA5D1400CBB738 /* Release */ = {
			isa = XCBuildConfiguration;
			buildSettings = {
				ALWAYS_SEARCH_USER_PATHS = NO;
				CLANG_ANALYZER_NONNULL = YES;
				CLANG_CXX_LANGUAGE_STANDARD = "gnu++0x";
				CLANG_CXX_LIBRARY = "libc++";
				CLANG_ENABLE_MODULES = YES;
				CLANG_ENABLE_OBJC_ARC = YES;
				CLANG_WARN_BLOCK_CAPTURE_AUTORELEASING = YES;
				CLANG_WARN_BOOL_CONVERSION = YES;
				CLANG_WARN_COMMA = YES;
				CLANG_WARN_CONSTANT_CONVERSION = YES;
				CLANG_WARN_DIRECT_OBJC_ISA_USAGE = YES_ERROR;
				CLANG_WARN_EMPTY_BODY = YES;
				CLANG_WARN_ENUM_CONVERSION = YES;
				CLANG_WARN_INFINITE_RECURSION = YES;
				CLANG_WARN_INT_CONVERSION = YES;
				CLANG_WARN_NON_LITERAL_NULL_CONVERSION = YES;
				CLANG_WARN_OBJC_LITERAL_CONVERSION = YES;
				CLANG_WARN_OBJC_ROOT_CLASS = YES_ERROR;
				CLANG_WARN_RANGE_LOOP_ANALYSIS = YES;
				CLANG_WARN_STRICT_PROTOTYPES = YES;
				CLANG_WARN_SUSPICIOUS_MOVE = YES;
				CLANG_WARN_UNREACHABLE_CODE = YES;
				CLANG_WARN__DUPLICATE_METHOD_MATCH = YES;
				"CODE_SIGN_IDENTITY[sdk=iphoneos*]" = "iPhone Developer";
				COPY_PHASE_STRIP = NO;
				DEBUG_INFORMATION_FORMAT = "dwarf-with-dsym";
				ENABLE_NS_ASSERTIONS = NO;
				ENABLE_STRICT_OBJC_MSGSEND = YES;
				GCC_C_LANGUAGE_STANDARD = gnu99;
				GCC_NO_COMMON_BLOCKS = YES;
				GCC_WARN_64_TO_32_BIT_CONVERSION = YES;
				GCC_WARN_ABOUT_RETURN_TYPE = YES_ERROR;
				GCC_WARN_UNDECLARED_SELECTOR = YES;
				GCC_WARN_UNINITIALIZED_AUTOS = YES_AGGRESSIVE;
				GCC_WARN_UNUSED_FUNCTION = YES;
				GCC_WARN_UNUSED_VARIABLE = YES;
				IPHONEOS_DEPLOYMENT_TARGET = 9.3;
				MTL_ENABLE_DEBUG_INFO = NO;
				SDKROOT = iphoneos;
				SWIFT_OPTIMIZATION_LEVEL = "-Owholemodule";
				TARGETED_DEVICE_FAMILY = "1,2";
				VALIDATE_PRODUCT = YES;
			};
			name = Release;
		};
		CE579B251CDA5D1400CBB738 /* Debug */ = {
			isa = XCBuildConfiguration;
			baseConfigurationReference = D40BA9E85BE0913A39B96AB4 /* Pods-sso-sample-ios.debug.xcconfig */;
			buildSettings = {
				ASSETCATALOG_COMPILER_APPICON_NAME = AppIcon;
				DEVELOPMENT_TEAM = 9G4W9Q6YG3;
				INFOPLIST_FILE = "sso-sample-ios/Info.plist";
				LD_RUNPATH_SEARCH_PATHS = "$(inherited) @executable_path/Frameworks";
				PRODUCT_BUNDLE_IDENTIFIER = "com.appdirect.sso-sample";
				PRODUCT_NAME = "$(TARGET_NAME)";
				SWIFT_VERSION = 3.0;
			};
			name = Debug;
		};
		CE579B261CDA5D1400CBB738 /* Release */ = {
			isa = XCBuildConfiguration;
			baseConfigurationReference = 772C7F2BA0013864DEAB8CE7 /* Pods-sso-sample-ios.release.xcconfig */;
			buildSettings = {
				ASSETCATALOG_COMPILER_APPICON_NAME = AppIcon;
				DEVELOPMENT_TEAM = 9G4W9Q6YG3;
				INFOPLIST_FILE = "sso-sample-ios/Info.plist";
				LD_RUNPATH_SEARCH_PATHS = "$(inherited) @executable_path/Frameworks";
				PRODUCT_BUNDLE_IDENTIFIER = "com.appdirect.sso-sample";
				PRODUCT_NAME = "$(TARGET_NAME)";
				SWIFT_VERSION = 3.0;
			};
			name = Release;
		};
		CE579B281CDA5D1400CBB738 /* Debug */ = {
			isa = XCBuildConfiguration;
			baseConfigurationReference = BEDBBB8E7DD2D0C3112D0391 /* Pods-sso-sample-iosTests.debug.xcconfig */;
			buildSettings = {
				BUNDLE_LOADER = "$(TEST_HOST)";
				INFOPLIST_FILE = "sso-sample-iosTests/Info.plist";
				LD_RUNPATH_SEARCH_PATHS = "$(inherited) @executable_path/Frameworks @loader_path/Frameworks";
				PRODUCT_BUNDLE_IDENTIFIER = "com.appdirect.sso-sample-iosTests";
				PRODUCT_NAME = "$(TARGET_NAME)";
				SWIFT_VERSION = 3.0;
				TEST_HOST = "$(BUILT_PRODUCTS_DIR)/sso-sample-ios.app/sso-sample-ios";
			};
			name = Debug;
		};
		CE579B291CDA5D1400CBB738 /* Release */ = {
			isa = XCBuildConfiguration;
			baseConfigurationReference = C94B3B44B657C1CC340707AD /* Pods-sso-sample-iosTests.release.xcconfig */;
			buildSettings = {
				BUNDLE_LOADER = "$(TEST_HOST)";
				INFOPLIST_FILE = "sso-sample-iosTests/Info.plist";
				LD_RUNPATH_SEARCH_PATHS = "$(inherited) @executable_path/Frameworks @loader_path/Frameworks";
				PRODUCT_BUNDLE_IDENTIFIER = "com.appdirect.sso-sample-iosTests";
				PRODUCT_NAME = "$(TARGET_NAME)";
				SWIFT_VERSION = 3.0;
				TEST_HOST = "$(BUILT_PRODUCTS_DIR)/sso-sample-ios.app/sso-sample-ios";
			};
			name = Release;
		};
		CE579B2B1CDA5D1400CBB738 /* Debug */ = {
			isa = XCBuildConfiguration;
			baseConfigurationReference = C2783754F4B6438C695D606D /* Pods-sso-sample-iosUITests.debug.xcconfig */;
			buildSettings = {
				INFOPLIST_FILE = "sso-sample-iosUITests/Info.plist";
				LD_RUNPATH_SEARCH_PATHS = "$(inherited) @executable_path/Frameworks @loader_path/Frameworks";
				PRODUCT_BUNDLE_IDENTIFIER = "com.appdirect.sso-sample-iosUITests";
				PRODUCT_NAME = "$(TARGET_NAME)";
				SWIFT_VERSION = 3.0;
				TEST_TARGET_NAME = "sso-sample-ios";
			};
			name = Debug;
		};
		CE579B2C1CDA5D1400CBB738 /* Release */ = {
			isa = XCBuildConfiguration;
			baseConfigurationReference = EE80C009747CDEB3567EB485 /* Pods-sso-sample-iosUITests.release.xcconfig */;
			buildSettings = {
				INFOPLIST_FILE = "sso-sample-iosUITests/Info.plist";
				LD_RUNPATH_SEARCH_PATHS = "$(inherited) @executable_path/Frameworks @loader_path/Frameworks";
				PRODUCT_BUNDLE_IDENTIFIER = "com.appdirect.sso-sample-iosUITests";
				PRODUCT_NAME = "$(TARGET_NAME)";
				SWIFT_VERSION = 3.0;
				TEST_TARGET_NAME = "sso-sample-ios";
			};
			name = Release;
		};
/* End XCBuildConfiguration section */

/* Begin XCConfigurationList section */
		CE579AF71CDA5D1400CBB738 /* Build configuration list for PBXProject "sso-sample-ios" */ = {
			isa = XCConfigurationList;
			buildConfigurations = (
				CE579B221CDA5D1400CBB738 /* Debug */,
				CE579B231CDA5D1400CBB738 /* Release */,
			);
			defaultConfigurationIsVisible = 0;
			defaultConfigurationName = Release;
		};
		CE579B241CDA5D1400CBB738 /* Build configuration list for PBXNativeTarget "sso-sample-ios" */ = {
			isa = XCConfigurationList;
			buildConfigurations = (
				CE579B251CDA5D1400CBB738 /* Debug */,
				CE579B261CDA5D1400CBB738 /* Release */,
			);
			defaultConfigurationIsVisible = 0;
			defaultConfigurationName = Release;
		};
		CE579B271CDA5D1400CBB738 /* Build configuration list for PBXNativeTarget "sso-sample-iosTests" */ = {
			isa = XCConfigurationList;
			buildConfigurations = (
				CE579B281CDA5D1400CBB738 /* Debug */,
				CE579B291CDA5D1400CBB738 /* Release */,
			);
			defaultConfigurationIsVisible = 0;
			defaultConfigurationName = Release;
		};
		CE579B2A1CDA5D1400CBB738 /* Build configuration list for PBXNativeTarget "sso-sample-iosUITests" */ = {
			isa = XCConfigurationList;
			buildConfigurations = (
				CE579B2B1CDA5D1400CBB738 /* Debug */,
				CE579B2C1CDA5D1400CBB738 /* Release */,
			);
			defaultConfigurationIsVisible = 0;
			defaultConfigurationName = Release;
		};
/* End XCConfigurationList section */
	};
	rootObject = CE579AF41CDA5D1400CBB738 /* Project object */;
}
